
Microsoft Visual Studio Solution File, Format Version 12.00
# Visual Studio Version 16
VisualStudioVersion = 16.0.31205.134
MinimumVisualStudioVersion = 10.0.40219.1
Project("{FAE04EC0-301F-11D3-BF4B-00C04F79EFBC}") = "WebShopDienTu", "WebShopDienTu\WebShopDienTu.csproj", "{43DBCB2F-DB46-4C5E-B8B5-AF67D10101AB}"
EndProject
Project("{FAE04EC0-301F-11D3-BF4B-00C04F79EFBC}") = "Models", "Models\Models.csproj", "{7A20EC00-6C73-4B12-AFC3-06A397732629}"
EndProject
Global
	GlobalSection(SolutionConfigurationPlatforms) = preSolution
		Debug|Any CPU = Debug|Any CPU
		Release|Any CPU = Release|Any CPU
	EndGlobalSection
	GlobalSection(ProjectConfigurationPlatforms) = postSolution
		{43DBCB2F-DB46-4C5E-B8B5-AF67D10101AB}.Debug|Any CPU.ActiveCfg = Debug|Any CPU
		{43DBCB2F-DB46-4C5E-B8B5-AF67D10101AB}.Debug|Any CPU.Build.0 = Debug|Any CPU
		{43DBCB2F-DB46-4C5E-B8B5-AF67D10101AB}.Release|Any CPU.ActiveCfg = Release|Any CPU
		{43DBCB2F-DB46-4C5E-B8B5-AF67D10101AB}.Release|Any CPU.Build.0 = Release|Any CPU
		{7A20EC00-6C73-4B12-AFC3-06A397732629}.Debug|Any CPU.ActiveCfg = Debug|Any CPU
		{7A20EC00-6C73-4B12-AFC3-06A397732629}.Debug|Any CPU.Build.0 = Debug|Any CPU
		{7A20EC00-6C73-4B12-AFC3-06A397732629}.Release|Any CPU.ActiveCfg = Release|Any CPU
		{7A20EC00-6C73-4B12-AFC3-06A397732629}.Release|Any CPU.Build.0 = Release|Any CPU
	EndGlobalSection
	GlobalSection(SolutionProperties) = preSolution
		HideSolutionNode = FALSE
	EndGlobalSection
	GlobalSection(ExtensibilityGlobals) = postSolution
		SolutionGuid = {7A547D32-B913-47CC-816E-6792304F268E}
	EndGlobalSection
EndGlobal
